<Solution>
  <Folder Name="/src/">
    <Project Path="src/SettleCore.Api/SettleCore.Api.csproj" />
    <Project Path="src/SettleCore.Modules.Payments.Infrastructure/SettleCore.Modules.Payments.Infrastructure.csproj" />
    <Project Path="src/SettleCore.Modules.Payments/SettleCore.Modules.Payments.csproj" />
    <Project Path="src/SettleCore.Modules.Reconciliation/SettleCore.Modules.Reconciliation.csproj" />
  </Folder>
  <Folder Name="/tests/">
    <Project Path="tests/SettleCore.IntegrationTests/SettleCore.IntegrationTests.csproj" />
    <Project Path="tests/SettleCore.Modules.Payments.Infrastructure.IntegrationTests/SettleCore.Modules.Payments.Infrastructure.IntegrationTests.csproj" />
    <Project Path="tests/SettleCore.Modules.Payments.UnitTests/SettleCore.Modules.Payments.UnitTests.csproj" />
    <Project Path="tests/SettleCore.Modules.Reconciliation.UnitTests/SettleCore.Modules.Reconciliation.UnitTests.csproj" />
  </Folder>
</Solution>
